[[package]]
name = "example"
version = "0.1.0"
description = "An example package."
category = "main"
optional = false
python-versions = "*"

[package.dependencies]
six = "*"

[package.source]
type = "legacy"
url = "https://package-proxy.replit.com/pypi/simple"
reference = "replit"

[[package]]
name = "six"
version = "1.16.0"
description = "Python 2 and 3 compatibility utilities"
category = "main"
optional = false
python-versions = ">=2.7, !=3.0.*, !=3.1.*, !=3.2.*"

[package.source]
type = "legacy"
url = "https://package-proxy.replit.com/pypi/simple"
reference = "replit"

[metadata]
lock-version = "1.1"
python-versions = "^3.10"
content-hash = "0518b4b305a56a2c0035e8c704b4a23ad4cdf319d0f94db1a0e4b6264e438d0e"

[metadata.files]
example = [
    {file = "example-0.1.0.tar.gz", hash = "sha256:f5873e6ec841776497c0d42a5153f84c2f12fa68ea4d77be1467e8b9a9ffc3bb"},
]
six = [
    {file = "six-1.16.0-py2.py3-none-any.whl", hash = "sha256:8abb2f1d86890a2dfb989f9a77cfcfd3e47c2a354b01111771326f8aa26e0254"},
    {file = "six-1.16.0.tar.gz", hash = "sha256:1e61c37477a1626458e36f7b1d82aa5c9b094fa4802892072e49de9c60c4c926"},
]
